// !$*UTF8*$!
{
	archiveVersion = 1;
	classes = {
	};
	objectVersion = 48;
	objects = {

/* Begin PBXBuildFile section */
		4772DDCC7FECD37DD5C248B7 /* Pods_MoviesVIPER.framework in Frameworks */ = {isa = PBXBuildFile; fileRef = B5DD4E9245C362AAD6FBE031 /* Pods_MoviesVIPER.framework */; };
		95511672827DE4BCE34500B3 /* Pods_MoviesVIPERTests.framework in Frameworks */ = {isa = PBXBuildFile; fileRef = 9C9455E4E4624F05C4EFFDE7 /* Pods_MoviesVIPERTests.framework */; };
		ADCAC7051FC2EAF2000DF1DE /* MoviesResponse.swift in Sources */ = {isa = PBXBuildFile; fileRef = ADCAC7041FC2EAF2000DF1DE /* MoviesResponse.swift */; };
		ADCAC7071FC2EBDF000DF1DE /* MovieResponse.swift in Sources */ = {isa = PBXBuildFile; fileRef = ADCAC7061FC2EBDF000DF1DE /* MovieResponse.swift */; };
		D01CE5261FB76FEF00D40D33 /* Podfile in Resources */ = {isa = PBXBuildFile; fileRef = D01CE5251FB76FEF00D40D33 /* Podfile */; };
		D01CE52A1FB7712000D40D33 /* API.swift in Sources */ = {isa = PBXBuildFile; fileRef = D01CE5291FB7712000D40D33 /* API.swift */; };
		D01CE52C1FB7718B00D40D33 /* Endpoint.swift in Sources */ = {isa = PBXBuildFile; fileRef = D01CE52B1FB7718B00D40D33 /* Endpoint.swift */; };
		D01CE52F1FB7775000D40D33 /* APIError.swift in Sources */ = {isa = PBXBuildFile; fileRef = D01CE52E1FB7775000D40D33 /* APIError.swift */; };
		D092BBE11FB76DAD00ABE6B6 /* AppDelegate.swift in Sources */ = {isa = PBXBuildFile; fileRef = D092BBE01FB76DAD00ABE6B6 /* AppDelegate.swift */; };
		D092BBE81FB76DAD00ABE6B6 /* Assets.xcassets in Resources */ = {isa = PBXBuildFile; fileRef = D092BBE71FB76DAD00ABE6B6 /* Assets.xcassets */; };
		D092BBEB1FB76DAD00ABE6B6 /* LaunchScreen.storyboard in Resources */ = {isa = PBXBuildFile; fileRef = D092BBE91FB76DAD00ABE6B6 /* LaunchScreen.storyboard */; };
		D092BBF61FB76DAD00ABE6B6 /* MoviesVIPERTests.swift in Sources */ = {isa = PBXBuildFile; fileRef = D092BBF51FB76DAD00ABE6B6 /* MoviesVIPERTests.swift */; };
		D092BC021FB76E0B00ABE6B6 /* TestViewController.swift in Sources */ = {isa = PBXBuildFile; fileRef = D092BC001FB76E0B00ABE6B6 /* TestViewController.swift */; };
		D092BC031FB76E0B00ABE6B6 /* TestViewController.xib in Resources */ = {isa = PBXBuildFile; fileRef = D092BC011FB76E0B00ABE6B6 /* TestViewController.xib */; };
/* End PBXBuildFile section */

/* Begin PBXContainerItemProxy section */
		D092BBF21FB76DAD00ABE6B6 /* PBXContainerItemProxy */ = {
			isa = PBXContainerItemProxy;
			containerPortal = D092BBD51FB76DAC00ABE6B6 /* Project object */;
			proxyType = 1;
			remoteGlobalIDString = D092BBDC1FB76DAC00ABE6B6;
			remoteInfo = MoviesVIPER;
		};
/* End PBXContainerItemProxy section */

/* Begin PBXFileReference section */
		441462360566C820FA70F5BD /* Pods-MoviesVIPER.debug.xcconfig */ = {isa = PBXFileReference; includeInIndex = 1; lastKnownFileType = text.xcconfig; name = "Pods-MoviesVIPER.debug.xcconfig"; path = "Pods/Target Support Files/Pods-MoviesVIPER/Pods-MoviesVIPER.debug.xcconfig"; sourceTree = "<group>"; };
		44EE9953B6C470F12DE3906D /* Pods-MoviesVIPERTests.debug.xcconfig */ = {isa = PBXFileReference; includeInIndex = 1; lastKnownFileType = text.xcconfig; name = "Pods-MoviesVIPERTests.debug.xcconfig"; path = "Pods/Target Support Files/Pods-MoviesVIPERTests/Pods-MoviesVIPERTests.debug.xcconfig"; sourceTree = "<group>"; };
		9C9455E4E4624F05C4EFFDE7 /* Pods_MoviesVIPERTests.framework */ = {isa = PBXFileReference; explicitFileType = wrapper.framework; includeInIndex = 0; path = Pods_MoviesVIPERTests.framework; sourceTree = BUILT_PRODUCTS_DIR; };
		ADCAC7041FC2EAF2000DF1DE /* MoviesResponse.swift */ = {isa = PBXFileReference; lastKnownFileType = sourcecode.swift; path = MoviesResponse.swift; sourceTree = "<group>"; };
		ADCAC7061FC2EBDF000DF1DE /* MovieResponse.swift */ = {isa = PBXFileReference; lastKnownFileType = sourcecode.swift; path = MovieResponse.swift; sourceTree = "<group>"; };
		B5DD4E9245C362AAD6FBE031 /* Pods_MoviesVIPER.framework */ = {isa = PBXFileReference; explicitFileType = wrapper.framework; includeInIndex = 0; path = Pods_MoviesVIPER.framework; sourceTree = BUILT_PRODUCTS_DIR; };
		D01CE5251FB76FEF00D40D33 /* Podfile */ = {isa = PBXFileReference; fileEncoding = 4; lastKnownFileType = text; path = Podfile; sourceTree = "<group>"; xcLanguageSpecificationIdentifier = xcode.lang.ruby; };
		D01CE5291FB7712000D40D33 /* API.swift */ = {isa = PBXFileReference; lastKnownFileType = sourcecode.swift; path = API.swift; sourceTree = "<group>"; };
		D01CE52B1FB7718B00D40D33 /* Endpoint.swift */ = {isa = PBXFileReference; lastKnownFileType = sourcecode.swift; path = Endpoint.swift; sourceTree = "<group>"; };
		D01CE52E1FB7775000D40D33 /* APIError.swift */ = {isa = PBXFileReference; lastKnownFileType = sourcecode.swift; path = APIError.swift; sourceTree = "<group>"; };
		D092BBDD1FB76DAD00ABE6B6 /* MoviesVIPER.app */ = {isa = PBXFileReference; explicitFileType = wrapper.application; includeInIndex = 0; path = MoviesVIPER.app; sourceTree = BUILT_PRODUCTS_DIR; };
		D092BBE01FB76DAD00ABE6B6 /* AppDelegate.swift */ = {isa = PBXFileReference; lastKnownFileType = sourcecode.swift; path = AppDelegate.swift; sourceTree = "<group>"; };
		D092BBE71FB76DAD00ABE6B6 /* Assets.xcassets */ = {isa = PBXFileReference; lastKnownFileType = folder.assetcatalog; path = Assets.xcassets; sourceTree = "<group>"; };
		D092BBEA1FB76DAD00ABE6B6 /* Base */ = {isa = PBXFileReference; lastKnownFileType = file.storyboard; name = Base; path = Base.lproj/LaunchScreen.storyboard; sourceTree = "<group>"; };
		D092BBEC1FB76DAD00ABE6B6 /* Info.plist */ = {isa = PBXFileReference; lastKnownFileType = text.plist.xml; path = Info.plist; sourceTree = "<group>"; };
		D092BBF11FB76DAD00ABE6B6 /* MoviesVIPERTests.xctest */ = {isa = PBXFileReference; explicitFileType = wrapper.cfbundle; includeInIndex = 0; path = MoviesVIPERTests.xctest; sourceTree = BUILT_PRODUCTS_DIR; };
		D092BBF51FB76DAD00ABE6B6 /* MoviesVIPERTests.swift */ = {isa = PBXFileReference; lastKnownFileType = sourcecode.swift; path = MoviesVIPERTests.swift; sourceTree = "<group>"; };
		D092BBF71FB76DAD00ABE6B6 /* Info.plist */ = {isa = PBXFileReference; lastKnownFileType = text.plist.xml; path = Info.plist; sourceTree = "<group>"; };
		D092BC001FB76E0B00ABE6B6 /* TestViewController.swift */ = {isa = PBXFileReference; lastKnownFileType = sourcecode.swift; path = TestViewController.swift; sourceTree = "<group>"; };
		D092BC011FB76E0B00ABE6B6 /* TestViewController.xib */ = {isa = PBXFileReference; lastKnownFileType = file.xib; path = TestViewController.xib; sourceTree = "<group>"; };
		D961BBCDAB40FF37627B17B2 /* Pods-MoviesVIPERTests.release.xcconfig */ = {isa = PBXFileReference; includeInIndex = 1; lastKnownFileType = text.xcconfig; name = "Pods-MoviesVIPERTests.release.xcconfig"; path = "Pods/Target Support Files/Pods-MoviesVIPERTests/Pods-MoviesVIPERTests.release.xcconfig"; sourceTree = "<group>"; };
		FAE0B6FB8CC2689849920EC5 /* Pods-MoviesVIPER.release.xcconfig */ = {isa = PBXFileReference; includeInIndex = 1; lastKnownFileType = text.xcconfig; name = "Pods-MoviesVIPER.release.xcconfig"; path = "Pods/Target Support Files/Pods-MoviesVIPER/Pods-MoviesVIPER.release.xcconfig"; sourceTree = "<group>"; };
/* End PBXFileReference section */

/* Begin PBXFrameworksBuildPhase section */
		D092BBDA1FB76DAC00ABE6B6 /* Frameworks */ = {
			isa = PBXFrameworksBuildPhase;
			buildActionMask = 2147483647;
			files = (
				4772DDCC7FECD37DD5C248B7 /* Pods_MoviesVIPER.framework in Frameworks */,
			);
			runOnlyForDeploymentPostprocessing = 0;
		};
		D092BBEE1FB76DAD00ABE6B6 /* Frameworks */ = {
			isa = PBXFrameworksBuildPhase;
			buildActionMask = 2147483647;
			files = (
				95511672827DE4BCE34500B3 /* Pods_MoviesVIPERTests.framework in Frameworks */,
			);
			runOnlyForDeploymentPostprocessing = 0;
		};
/* End PBXFrameworksBuildPhase section */

/* Begin PBXGroup section */
		430E04642D5E19EE7830CCD5 /* Frameworks */ = {
			isa = PBXGroup;
			children = (
				B5DD4E9245C362AAD6FBE031 /* Pods_MoviesVIPER.framework */,
				9C9455E4E4624F05C4EFFDE7 /* Pods_MoviesVIPERTests.framework */,
			);
			name = Frameworks;
			sourceTree = "<group>";
		};
		434948E7B9B0D1C8AF1D7C06 /* Pods */ = {
			isa = PBXGroup;
			children = (
				441462360566C820FA70F5BD /* Pods-MoviesVIPER.debug.xcconfig */,
				FAE0B6FB8CC2689849920EC5 /* Pods-MoviesVIPER.release.xcconfig */,
				44EE9953B6C470F12DE3906D /* Pods-MoviesVIPERTests.debug.xcconfig */,
				D961BBCDAB40FF37627B17B2 /* Pods-MoviesVIPERTests.release.xcconfig */,
			);
			name = Pods;
			sourceTree = "<group>";
		};
		D01CE5271FB770C700D40D33 /* Models */ = {
			isa = PBXGroup;
			children = (
				ADCAC7041FC2EAF2000DF1DE /* MoviesResponse.swift */,
				ADCAC7061FC2EBDF000DF1DE /* MovieResponse.swift */,
				D01CE5281FB770DC00D40D33 /* API */,
			);
			path = Models;
			sourceTree = "<group>";
		};
		D01CE5281FB770DC00D40D33 /* API */ = {
			isa = PBXGroup;
			children = (
				D01CE5291FB7712000D40D33 /* API.swift */,
				D01CE52B1FB7718B00D40D33 /* Endpoint.swift */,
				D01CE52E1FB7775000D40D33 /* APIError.swift */,
			);
			path = API;
			sourceTree = "<group>";
		};
		D092BBD41FB76DAC00ABE6B6 = {
			isa = PBXGroup;
			children = (
				D01CE5251FB76FEF00D40D33 /* Podfile */,
				D092BBDF1FB76DAD00ABE6B6 /* MoviesVIPER */,
				D092BBF41FB76DAD00ABE6B6 /* MoviesVIPERTests */,
				D092BBDE1FB76DAD00ABE6B6 /* Products */,
				434948E7B9B0D1C8AF1D7C06 /* Pods */,
				430E04642D5E19EE7830CCD5 /* Frameworks */,
			);
			sourceTree = "<group>";
		};
		D092BBDE1FB76DAD00ABE6B6 /* Products */ = {
			isa = PBXGroup;
			children = (
				D092BBDD1FB76DAD00ABE6B6 /* MoviesVIPER.app */,
				D092BBF11FB76DAD00ABE6B6 /* MoviesVIPERTests.xctest */,
			);
			name = Products;
			sourceTree = "<group>";
		};
		D092BBDF1FB76DAD00ABE6B6 /* MoviesVIPER */ = {
			isa = PBXGroup;
			children = (
				D092BBE01FB76DAD00ABE6B6 /* AppDelegate.swift */,
				D01CE5271FB770C700D40D33 /* Models */,
				D092BBE71FB76DAD00ABE6B6 /* Assets.xcassets */,
				D092BBE91FB76DAD00ABE6B6 /* LaunchScreen.storyboard */,
				D092BBEC1FB76DAD00ABE6B6 /* Info.plist */,
				D092BC001FB76E0B00ABE6B6 /* TestViewController.swift */,
				D092BC011FB76E0B00ABE6B6 /* TestViewController.xib */,
			);
			path = MoviesVIPER;
			sourceTree = "<group>";
		};
		D092BBF41FB76DAD00ABE6B6 /* MoviesVIPERTests */ = {
			isa = PBXGroup;
			children = (
				D092BBF51FB76DAD00ABE6B6 /* MoviesVIPERTests.swift */,
				D092BBF71FB76DAD00ABE6B6 /* Info.plist */,
			);
			path = MoviesVIPERTests;
			sourceTree = "<group>";
		};
/* End PBXGroup section */

/* Begin PBXNativeTarget section */
		D092BBDC1FB76DAC00ABE6B6 /* MoviesVIPER */ = {
			isa = PBXNativeTarget;
			buildConfigurationList = D092BBFA1FB76DAD00ABE6B6 /* Build configuration list for PBXNativeTarget "MoviesVIPER" */;
			buildPhases = (
				F80EE1B203E3AC2F0A0ACFE4 /* [CP] Check Pods Manifest.lock */,
				D092BBD91FB76DAC00ABE6B6 /* Sources */,
				D092BBDA1FB76DAC00ABE6B6 /* Frameworks */,
				D092BBDB1FB76DAC00ABE6B6 /* Resources */,
				1BB4D7F0C2EABBA79965610D /* [CP] Embed Pods Frameworks */,
				DD15F9C0687E2CF6F0152B96 /* [CP] Copy Pods Resources */,
			);
			buildRules = (
			);
			dependencies = (
			);
			name = MoviesVIPER;
			productName = MoviesVIPER;
			productReference = D092BBDD1FB76DAD00ABE6B6 /* MoviesVIPER.app */;
			productType = "com.apple.product-type.application";
		};
		D092BBF01FB76DAD00ABE6B6 /* MoviesVIPERTests */ = {
			isa = PBXNativeTarget;
			buildConfigurationList = D092BBFD1FB76DAD00ABE6B6 /* Build configuration list for PBXNativeTarget "MoviesVIPERTests" */;
			buildPhases = (
				C00A7BB90AE71251A90588D5 /* [CP] Check Pods Manifest.lock */,
				D092BBED1FB76DAD00ABE6B6 /* Sources */,
				D092BBEE1FB76DAD00ABE6B6 /* Frameworks */,
				D092BBEF1FB76DAD00ABE6B6 /* Resources */,
				382096C4B77D15B1810E212D /* [CP] Embed Pods Frameworks */,
				93D4058B99157DA78BBCB43C /* [CP] Copy Pods Resources */,
			);
			buildRules = (
			);
			dependencies = (
				D092BBF31FB76DAD00ABE6B6 /* PBXTargetDependency */,
			);
			name = MoviesVIPERTests;
			productName = MoviesVIPERTests;
			productReference = D092BBF11FB76DAD00ABE6B6 /* MoviesVIPERTests.xctest */;
			productType = "com.apple.product-type.bundle.unit-test";
		};
/* End PBXNativeTarget section */

/* Begin PBXProject section */
		D092BBD51FB76DAC00ABE6B6 /* Project object */ = {
			isa = PBXProject;
			attributes = {
				LastSwiftUpdateCheck = 0910;
				LastUpgradeCheck = 0910;
				ORGANIZATIONNAME = mibarbou;
				TargetAttributes = {
					D092BBDC1FB76DAC00ABE6B6 = {
						CreatedOnToolsVersion = 9.1;
						ProvisioningStyle = Automatic;
					};
					D092BBF01FB76DAD00ABE6B6 = {
						CreatedOnToolsVersion = 9.1;
						ProvisioningStyle = Automatic;
						TestTargetID = D092BBDC1FB76DAC00ABE6B6;
					};
				};
			};
			buildConfigurationList = D092BBD81FB76DAC00ABE6B6 /* Build configuration list for PBXProject "MoviesVIPER" */;
			compatibilityVersion = "Xcode 8.0";
			developmentRegion = en;
			hasScannedForEncodings = 0;
			knownRegions = (
				en,
				Base,
			);
			mainGroup = D092BBD41FB76DAC00ABE6B6;
			productRefGroup = D092BBDE1FB76DAD00ABE6B6 /* Products */;
			projectDirPath = "";
			projectRoot = "";
			targets = (
				D092BBDC1FB76DAC00ABE6B6 /* MoviesVIPER */,
				D092BBF01FB76DAD00ABE6B6 /* MoviesVIPERTests */,
			);
		};
/* End PBXProject section */

/* Begin PBXResourcesBuildPhase section */
		D092BBDB1FB76DAC00ABE6B6 /* Resources */ = {
			isa = PBXResourcesBuildPhase;
			buildActionMask = 2147483647;
			files = (
				D092BBEB1FB76DAD00ABE6B6 /* LaunchScreen.storyboard in Resources */,
				D092BC031FB76E0B00ABE6B6 /* TestViewController.xib in Resources */,
				D01CE5261FB76FEF00D40D33 /* Podfile in Resources */,
				D092BBE81FB76DAD00ABE6B6 /* Assets.xcassets in Resources */,
			);
			runOnlyForDeploymentPostprocessing = 0;
		};
		D092BBEF1FB76DAD00ABE6B6 /* Resources */ = {
			isa = PBXResourcesBuildPhase;
			buildActionMask = 2147483647;
			files = (
			);
			runOnlyForDeploymentPostprocessing = 0;
		};
/* End PBXResourcesBuildPhase section */

/* Begin PBXShellScriptBuildPhase section */
		1BB4D7F0C2EABBA79965610D /* [CP] Embed Pods Frameworks */ = {
			isa = PBXShellScriptBuildPhase;
			buildActionMask = 2147483647;
			files = (
			);
			inputPaths = (
				"${SRCROOT}/Pods/Target Support Files/Pods-MoviesVIPER/Pods-MoviesVIPER-frameworks.sh",
				"${BUILT_PRODUCTS_DIR}/Alamofire/Alamofire.framework",
				"${BUILT_PRODUCTS_DIR}/Gloss/Gloss.framework",
			);
			name = "[CP] Embed Pods Frameworks";
			outputPaths = (
				"${TARGET_BUILD_DIR}/${FRAMEWORKS_FOLDER_PATH}/Alamofire.framework",
				"${TARGET_BUILD_DIR}/${FRAMEWORKS_FOLDER_PATH}/Gloss.framework",
			);
			runOnlyForDeploymentPostprocessing = 0;
			shellPath = /bin/sh;
			shellScript = "\"${SRCROOT}/Pods/Target Support Files/Pods-MoviesVIPER/Pods-MoviesVIPER-frameworks.sh\"\n";
			showEnvVarsInLog = 0;
		};
		382096C4B77D15B1810E212D /* [CP] Embed Pods Frameworks */ = {
			isa = PBXShellScriptBuildPhase;
			buildActionMask = 2147483647;
			files = (
			);
			inputPaths = (
			);
			name = "[CP] Embed Pods Frameworks";
			outputPaths = (
			);
			runOnlyForDeploymentPostprocessing = 0;
			shellPath = /bin/sh;
			shellScript = "\"${SRCROOT}/Pods/Target Support Files/Pods-MoviesVIPERTests/Pods-MoviesVIPERTests-frameworks.sh\"\n";
			showEnvVarsInLog = 0;
		};
		93D4058B99157DA78BBCB43C /* [CP] Copy Pods Resources */ = {
			isa = PBXShellScriptBuildPhase;
			buildActionMask = 2147483647;
			files = (
			);
			inputPaths = (
			);
			name = "[CP] Copy Pods Resources";
			outputPaths = (
			);
			runOnlyForDeploymentPostprocessing = 0;
			shellPath = /bin/sh;
			shellScript = "\"${SRCROOT}/Pods/Target Support Files/Pods-MoviesVIPERTests/Pods-MoviesVIPERTests-resources.sh\"\n";
			showEnvVarsInLog = 0;
		};
		C00A7BB90AE71251A90588D5 /* [CP] Check Pods Manifest.lock */ = {
			isa = PBXShellScriptBuildPhase;
			buildActionMask = 2147483647;
			files = (
			);
			inputPaths = (
				"${PODS_PODFILE_DIR_PATH}/Podfile.lock",
				"${PODS_ROOT}/Manifest.lock",
			);
			name = "[CP] Check Pods Manifest.lock";
			outputPaths = (
				"$(DERIVED_FILE_DIR)/Pods-MoviesVIPERTests-checkManifestLockResult.txt",
			);
			runOnlyForDeploymentPostprocessing = 0;
			shellPath = /bin/sh;
			shellScript = "diff \"${PODS_PODFILE_DIR_PATH}/Podfile.lock\" \"${PODS_ROOT}/Manifest.lock\" > /dev/null\nif [ $? != 0 ] ; then\n    # print error to STDERR\n    echo \"error: The sandbox is not in sync with the Podfile.lock. Run 'pod install' or update your CocoaPods installation.\" >&2\n    exit 1\nfi\n# This output is used by Xcode 'outputs' to avoid re-running this script phase.\necho \"SUCCESS\" > \"${SCRIPT_OUTPUT_FILE_0}\"\n";
			showEnvVarsInLog = 0;
		};
		DD15F9C0687E2CF6F0152B96 /* [CP] Copy Pods Resources */ = {
			isa = PBXShellScriptBuildPhase;
			buildActionMask = 2147483647;
			files = (
			);
			inputPaths = (
			);
			name = "[CP] Copy Pods Resources";
			outputPaths = (
			);
			runOnlyForDeploymentPostprocessing = 0;
			shellPath = /bin/sh;
			shellScript = "\"${SRCROOT}/Pods/Target Support Files/Pods-MoviesVIPER/Pods-MoviesVIPER-resources.sh\"\n";
			showEnvVarsInLog = 0;
		};
		F80EE1B203E3AC2F0A0ACFE4 /* [CP] Check Pods Manifest.lock */ = {
			isa = PBXShellScriptBuildPhase;
			buildActionMask = 2147483647;
			files = (
			);
			inputPaths = (
				"${PODS_PODFILE_DIR_PATH}/Podfile.lock",
				"${PODS_ROOT}/Manifest.lock",
			);
			name = "[CP] Check Pods Manifest.lock";
			outputPaths = (
				"$(DERIVED_FILE_DIR)/Pods-MoviesVIPER-checkManifestLockResult.txt",
			);
			runOnlyForDeploymentPostprocessing = 0;
			shellPath = /bin/sh;
			shellScript = "diff \"${PODS_PODFILE_DIR_PATH}/Podfile.lock\" \"${PODS_ROOT}/Manifest.lock\" > /dev/null\nif [ $? != 0 ] ; then\n    # print error to STDERR\n    echo \"error: The sandbox is not in sync with the Podfile.lock. Run 'pod install' or update your CocoaPods installation.\" >&2\n    exit 1\nfi\n# This output is used by Xcode 'outputs' to avoid re-running this script phase.\necho \"SUCCESS\" > \"${SCRIPT_OUTPUT_FILE_0}\"\n";
			showEnvVarsInLog = 0;
		};
/* End PBXShellScriptBuildPhase section */

/* Begin PBXSourcesBuildPhase section */
		D092BBD91FB76DAC00ABE6B6 /* Sources */ = {
			isa = PBXSourcesBuildPhase;
			buildActionMask = 2147483647;
			files = (
				ADCAC7071FC2EBDF000DF1DE /* MovieResponse.swift in Sources */,
				D092BC021FB76E0B00ABE6B6 /* TestViewController.swift in Sources */,
				D092BBE11FB76DAD00ABE6B6 /* AppDelegate.swift in Sources */,
				D01CE52C1FB7718B00D40D33 /* Endpoint.swift in Sources */,
				D01CE52F1FB7775000D40D33 /* APIError.swift in Sources */,
				D01CE52A1FB7712000D40D33 /* API.swift in Sources */,
				ADCAC7051FC2EAF2000DF1DE /* MoviesResponse.swift in Sources */,
			);
			runOnlyForDeploymentPostprocessing = 0;
		};
		D092BBED1FB76DAD00ABE6B6 /* Sources */ = {
			isa = PBXSourcesBuildPhase;
			buildActionMask = 2147483647;
			files = (
				D092BBF61FB76DAD00ABE6B6 /* MoviesVIPERTests.swift in Sources */,
			);
			runOnlyForDeploymentPostprocessing = 0;
		};
/* End PBXSourcesBuildPhase section */

/* Begin PBXTargetDependency section */
		D092BBF31FB76DAD00ABE6B6 /* PBXTargetDependency */ = {
			isa = PBXTargetDependency;
			target = D092BBDC1FB76DAC00ABE6B6 /* MoviesVIPER */;
			targetProxy = D092BBF21FB76DAD00ABE6B6 /* PBXContainerItemProxy */;
		};
/* End PBXTargetDependency section */

/* Begin PBXVariantGroup section */
		D092BBE91FB76DAD00ABE6B6 /* LaunchScreen.storyboard */ = {
			isa = PBXVariantGroup;
			children = (
				D092BBEA1FB76DAD00ABE6B6 /* Base */,
			);
			name = LaunchScreen.storyboard;
			sourceTree = "<group>";
		};
/* End PBXVariantGroup section */

/* Begin XCBuildConfiguration section */
		D092BBF81FB76DAD00ABE6B6 /* Debug */ = {
			isa = XCBuildConfiguration;
			buildSettings = {
				ALWAYS_SEARCH_USER_PATHS = NO;
				CLANG_ANALYZER_NONNULL = YES;
				CLANG_ANALYZER_NUMBER_OBJECT_CONVERSION = YES_AGGRESSIVE;
				CLANG_CXX_LANGUAGE_STANDARD = "gnu++14";
				CLANG_CXX_LIBRARY = "libc++";
				CLANG_ENABLE_MODULES = YES;
				CLANG_ENABLE_OBJC_ARC = YES;
				CLANG_WARN_BLOCK_CAPTURE_AUTORELEASING = YES;
				CLANG_WARN_BOOL_CONVERSION = YES;
				CLANG_WARN_COMMA = YES;
				CLANG_WARN_CONSTANT_CONVERSION = YES;
				CLANG_WARN_DIRECT_OBJC_ISA_USAGE = YES_ERROR;
				CLANG_WARN_DOCUMENTATION_COMMENTS = YES;
				CLANG_WARN_EMPTY_BODY = YES;
				CLANG_WARN_ENUM_CONVERSION = YES;
				CLANG_WARN_INFINITE_RECURSION = YES;
				CLANG_WARN_INT_CONVERSION = YES;
				CLANG_WARN_NON_LITERAL_NULL_CONVERSION = YES;
				CLANG_WARN_OBJC_LITERAL_CONVERSION = YES;
				CLANG_WARN_OBJC_ROOT_CLASS = YES_ERROR;
				CLANG_WARN_RANGE_LOOP_ANALYSIS = YES;
				CLANG_WARN_STRICT_PROTOTYPES = YES;
				CLANG_WARN_SUSPICIOUS_MOVE = YES;
				CLANG_WARN_UNGUARDED_AVAILABILITY = YES_AGGRESSIVE;
				CLANG_WARN_UNREACHABLE_CODE = YES;
				CLANG_WARN__DUPLICATE_METHOD_MATCH = YES;
				CODE_SIGN_IDENTITY = "iPhone Developer";
				COPY_PHASE_STRIP = NO;
				DEBUG_INFORMATION_FORMAT = dwarf;
				ENABLE_STRICT_OBJC_MSGSEND = YES;
				ENABLE_TESTABILITY = YES;
				GCC_C_LANGUAGE_STANDARD = gnu11;
				GCC_DYNAMIC_NO_PIC = NO;
				GCC_NO_COMMON_BLOCKS = YES;
				GCC_OPTIMIZATION_LEVEL = 0;
				GCC_PREPROCESSOR_DEFINITIONS = (
					"DEBUG=1",
					"$(inherited)",
				);
				GCC_WARN_64_TO_32_BIT_CONVERSION = YES;
				GCC_WARN_ABOUT_RETURN_TYPE = YES_ERROR;
				GCC_WARN_UNDECLARED_SELECTOR = YES;
				GCC_WARN_UNINITIALIZED_AUTOS = YES_AGGRESSIVE;
				GCC_WARN_UNUSED_FUNCTION = YES;
				GCC_WARN_UNUSED_VARIABLE = YES;
				IPHONEOS_DEPLOYMENT_TARGET = 11.1;
				MTL_ENABLE_DEBUG_INFO = YES;
				ONLY_ACTIVE_ARCH = YES;
				SDKROOT = iphoneos;
				SWIFT_ACTIVE_COMPILATION_CONDITIONS = DEBUG;
				SWIFT_OPTIMIZATION_LEVEL = "-Onone";
			};
			name = Debug;
		};
		D092BBF91FB76DAD00ABE6B6 /* Release */ = {
			isa = XCBuildConfiguration;
			buildSettings = {
				ALWAYS_SEARCH_USER_PATHS = NO;
				CLANG_ANALYZER_NONNULL = YES;
				CLANG_ANALYZER_NUMBER_OBJECT_CONVERSION = YES_AGGRESSIVE;
				CLANG_CXX_LANGUAGE_STANDARD = "gnu++14";
				CLANG_CXX_LIBRARY = "libc++";
				CLANG_ENABLE_MODULES = YES;
				CLANG_ENABLE_OBJC_ARC = YES;
				CLANG_WARN_BLOCK_CAPTURE_AUTORELEASING = YES;
				CLANG_WARN_BOOL_CONVERSION = YES;
				CLANG_WARN_COMMA = YES;
				CLANG_WARN_CONSTANT_CONVERSION = YES;
				CLANG_WARN_DIRECT_OBJC_ISA_USAGE = YES_ERROR;
				CLANG_WARN_DOCUMENTATION_COMMENTS = YES;
				CLANG_WARN_EMPTY_BODY = YES;
				CLANG_WARN_ENUM_CONVERSION = YES;
				CLANG_WARN_INFINITE_RECURSION = YES;
				CLANG_WARN_INT_CONVERSION = YES;
				CLANG_WARN_NON_LITERAL_NULL_CONVERSION = YES;
				CLANG_WARN_OBJC_LITERAL_CONVERSION = YES;
				CLANG_WARN_OBJC_ROOT_CLASS = YES_ERROR;
				CLANG_WARN_RANGE_LOOP_ANALYSIS = YES;
				CLANG_WARN_STRICT_PROTOTYPES = YES;
				CLANG_WARN_SUSPICIOUS_MOVE = YES;
				CLANG_WARN_UNGUARDED_AVAILABILITY = YES_AGGRESSIVE;
				CLANG_WARN_UNREACHABLE_CODE = YES;
				CLANG_WARN__DUPLICATE_METHOD_MATCH = YES;
				CODE_SIGN_IDENTITY = "iPhone Developer";
				COPY_PHASE_STRIP = NO;
				DEBUG_INFORMATION_FORMAT = "dwarf-with-dsym";
				ENABLE_NS_ASSERTIONS = NO;
				ENABLE_STRICT_OBJC_MSGSEND = YES;
				GCC_C_LANGUAGE_STANDARD = gnu11;
				GCC_NO_COMMON_BLOCKS = YES;
				GCC_WARN_64_TO_32_BIT_CONVERSION = YES;
				GCC_WARN_ABOUT_RETURN_TYPE = YES_ERROR;
				GCC_WARN_UNDECLARED_SELECTOR = YES;
				GCC_WARN_UNINITIALIZED_AUTOS = YES_AGGRESSIVE;
				GCC_WARN_UNUSED_FUNCTION = YES;
				GCC_WARN_UNUSED_VARIABLE = YES;
				IPHONEOS_DEPLOYMENT_TARGET = 11.1;
				MTL_ENABLE_DEBUG_INFO = NO;
				SDKROOT = iphoneos;
				SWIFT_OPTIMIZATION_LEVEL = "-Owholemodule";
				VALIDATE_PRODUCT = YES;
			};
			name = Release;
		};
		D092BBFB1FB76DAD00ABE6B6 /* Debug */ = {
			isa = XCBuildConfiguration;
			baseConfigurationReference = 441462360566C820FA70F5BD /* Pods-MoviesVIPER.debug.xcconfig */;
			buildSettings = {
				ASSETCATALOG_COMPILER_APPICON_NAME = AppIcon;
				CODE_SIGN_STYLE = Automatic;
				DEVELOPMENT_TEAM = C3XJQ6RL5C;
				INFOPLIST_FILE = MoviesVIPER/Info.plist;
				LD_RUNPATH_SEARCH_PATHS = "$(inherited) @executable_path/Frameworks";
				PRODUCT_BUNDLE_IDENTIFIER = com.mibarbou.MoviesVIPER;
				PRODUCT_NAME = "$(TARGET_NAME)";
				SWIFT_VERSION = 4.0;
				TARGETED_DEVICE_FAMILY = "1,2";
			};
			name = Debug;
		};
		D092BBFC1FB76DAD00ABE6B6 /* Release */ = {
			isa = XCBuildConfiguration;
			baseConfigurationReference = FAE0B6FB8CC2689849920EC5 /* Pods-MoviesVIPER.release.xcconfig */;
			buildSettings = {
				ASSETCATALOG_COMPILER_APPICON_NAME = AppIcon;
				CODE_SIGN_STYLE = Automatic;
				DEVELOPMENT_TEAM = C3XJQ6RL5C;
				INFOPLIST_FILE = MoviesVIPER/Info.plist;
				LD_RUNPATH_SEARCH_PATHS = "$(inherited) @executable_path/Frameworks";
				PRODUCT_BUNDLE_IDENTIFIER = com.mibarbou.MoviesVIPER;
				PRODUCT_NAME = "$(TARGET_NAME)";
				SWIFT_VERSION = 4.0;
				TARGETED_DEVICE_FAMILY = "1,2";
			};
			name = Release;
		};
		D092BBFE1FB76DAD00ABE6B6 /* Debug */ = {
			isa = XCBuildConfiguration;
			baseConfigurationReference = 44EE9953B6C470F12DE3906D /* Pods-MoviesVIPERTests.debug.xcconfig */;
			buildSettings = {
				ALWAYS_EMBED_SWIFT_STANDARD_LIBRARIES = YES;
				BUNDLE_LOADER = "$(TEST_HOST)";
				CODE_SIGN_STYLE = Automatic;
				DEVELOPMENT_TEAM = C3XJQ6RL5C;
				INFOPLIST_FILE = MoviesVIPERTests/Info.plist;
				LD_RUNPATH_SEARCH_PATHS = "$(inherited) @executable_path/Frameworks @loader_path/Frameworks";
				PRODUCT_BUNDLE_IDENTIFIER = com.mibarbou.MoviesVIPERTests;
				PRODUCT_NAME = "$(TARGET_NAME)";
				SWIFT_VERSION = 4.0;
				TARGETED_DEVICE_FAMILY = "1,2";
				TEST_HOST = "$(BUILT_PRODUCTS_DIR)/MoviesVIPER.app/MoviesVIPER";
			};
			name = Debug;
		};
		D092BBFF1FB76DAD00ABE6B6 /* Release */ = {
			isa = XCBuildConfiguration;
			baseConfigurationReference = D961BBCDAB40FF37627B17B2 /* Pods-MoviesVIPERTests.release.xcconfig */;
			buildSettings = {
				ALWAYS_EMBED_SWIFT_STANDARD_LIBRARIES = YES;
				BUNDLE_LOADER = "$(TEST_HOST)";
				CODE_SIGN_STYLE = Automatic;
				DEVELOPMENT_TEAM = C3XJQ6RL5C;
				INFOPLIST_FILE = MoviesVIPERTests/Info.plist;
				LD_RUNPATH_SEARCH_PATHS = "$(inherited) @executable_path/Frameworks @loader_path/Frameworks";
				PRODUCT_BUNDLE_IDENTIFIER = com.mibarbou.MoviesVIPERTests;
				PRODUCT_NAME = "$(TARGET_NAME)";
				SWIFT_VERSION = 4.0;
				TARGETED_DEVICE_FAMILY = "1,2";
				TEST_HOST = "$(BUILT_PRODUCTS_DIR)/MoviesVIPER.app/MoviesVIPER";
			};
			name = Release;
		};
/* End XCBuildConfiguration section */

/* Begin XCConfigurationList section */
		D092BBD81FB76DAC00ABE6B6 /* Build configuration list for PBXProject "MoviesVIPER" */ = {
			isa = XCConfigurationList;
			buildConfigurations = (
				D092BBF81FB76DAD00ABE6B6 /* Debug */,
				D092BBF91FB76DAD00ABE6B6 /* Release */,
			);
			defaultConfigurationIsVisible = 0;
			defaultConfigurationName = Release;
		};
		D092BBFA1FB76DAD00ABE6B6 /* Build configuration list for PBXNativeTarget "MoviesVIPER" */ = {
			isa = XCConfigurationList;
			buildConfigurations = (
				D092BBFB1FB76DAD00ABE6B6 /* Debug */,
				D092BBFC1FB76DAD00ABE6B6 /* Release */,
			);
			defaultConfigurationIsVisible = 0;
			defaultConfigurationName = Release;
		};
		D092BBFD1FB76DAD00ABE6B6 /* Build configuration list for PBXNativeTarget "MoviesVIPERTests" */ = {
			isa = XCConfigurationList;
			buildConfigurations = (
				D092BBFE1FB76DAD00ABE6B6 /* Debug */,
				D092BBFF1FB76DAD00ABE6B6 /* Release */,
			);
			defaultConfigurationIsVisible = 0;
			defaultConfigurationName = Release;
		};
/* End XCConfigurationList section */
	};
	rootObject = D092BBD51FB76DAC00ABE6B6 /* Project object */;
}
